
Microsoft Visual Studio Solution File, Format Version 12.00
Project("{2150E333-8FDC-42A3-9474-1A3956D46DE8}") = "src", "src", "{2A3120AB-8C6C-4CD5-BB86-2C0DA4FAFEB1}"
EndProject
Project("{FAE04EC0-301F-11D3-BF4B-00C04F79EFBC}") = "Codium.Template.Domain.Shared", "src\Codium.Template.Domain.Shared\Codium.Template.Domain.Shared.csproj", "{004B4411-A943-49F0-8DDF-C58E19750F99}"
EndProject
Project("{FAE04EC0-301F-11D3-BF4B-00C04F79EFBC}") = "Codium.Template.Domain", "src\Codium.Template.Domain\Codium.Template.Domain.csproj", "{40748BA4-03DD-45EF-9943-192A2523B72D}"
EndProject
Project("{FAE04EC0-301F-11D3-BF4B-00C04F79EFBC}") = "Codium.Template.EntityFrameworkCore", "src\Codium.Template.EntityFrameworkCore\Codium.Template.EntityFrameworkCore.csproj", "{569D7719-3F98-415C-AE34-F9816E2B5B86}"
EndProject
Project("{FAE04EC0-301F-11D3-BF4B-00C04F79EFBC}") = "Codium.Template.Application.Contracts", "src\Codium.Template.Application.Contracts\Codium.Template.Application.Contracts.csproj", "{2040B5FB-9216-444B-97C6-4E7B175A5E8C}"
EndProject
Project("{FAE04EC0-301F-11D3-BF4B-00C04F79EFBC}") = "Codium.Template.Application", "src\Codium.Template.Application\Codium.Template.Application.csproj", "{BD9639A4-B8F0-4E48-9731-403A16D5B5F6}"
EndProject
Project("{FAE04EC0-301F-11D3-BF4B-00C04F79EFBC}") = "Codium.Template.HttpApi.Client", "src\Codium.Template.HttpApi.Client\Codium.Template.HttpApi.Client.csproj", "{A5F90D18-26A7-4996-B016-66E51902DA4A}"
EndProject
Project("{FAE04EC0-301F-11D3-BF4B-00C04F79EFBC}") = "Codium.Template.HttpApi", "src\Codium.Template.HttpApi\Codium.Template.HttpApi.csproj", "{C22E0D1A-FD5F-45E9-96ED-C6DEFCB23DB4}"
EndProject
Project("{FAE04EC0-301F-11D3-BF4B-00C04F79EFBC}") = "Codium.Template.HttpApi.Host", "src\Codium.Template.HttpApi.Host\Codium.Template.HttpApi.Host.csproj", "{F8403BC7-4BD9-4E10-9B0A-B0FB8F9EB120}"
EndProject
Project("{2150E333-8FDC-42A3-9474-1A3956D46DE8}") = "tests", "tests", "{0AB3BF05-4346-4AA6-1389-037BE0695223}"
EndProject
Project("{FAE04EC0-301F-11D3-BF4B-00C04F79EFBC}") = "Codium.Template.IntegrationTests", "tests\Codium.Template.IntegrationTests\Codium.Template.IntegrationTests.csproj", "{0A5FA648-BE2D-482D-963D-783491F5347A}"
EndProject
Project("{FAE04EC0-301F-11D3-BF4B-00C04F79EFBC}") = "Codium.Template.UnitTests", "tests\Codium.Template.UnitTests\Codium.Template.UnitTests.csproj", "{3BE7B186-C620-42E7-8034-7BD48467CFCD}"
EndProject
Global
	GlobalSection(SolutionConfigurationPlatforms) = preSolution
		Debug|Any CPU = Debug|Any CPU
		Debug|x64 = Debug|x64
		Debug|x86 = Debug|x86
		Release|Any CPU = Release|Any CPU
		Release|x64 = Release|x64
		Release|x86 = Release|x86
	EndGlobalSection
	GlobalSection(ProjectConfigurationPlatforms) = postSolution
		{004B4411-A943-49F0-8DDF-C58E19750F99}.Debug|Any CPU.ActiveCfg = Debug|Any CPU
		{004B4411-A943-49F0-8DDF-C58E19750F99}.Debug|Any CPU.Build.0 = Debug|Any CPU
		{004B4411-A943-49F0-8DDF-C58E19750F99}.Debug|x64.ActiveCfg = Debug|Any CPU
		{004B4411-A943-49F0-8DDF-C58E19750F99}.Debug|x64.Build.0 = Debug|Any CPU
		{004B4411-A943-49F0-8DDF-C58E19750F99}.Debug|x86.ActiveCfg = Debug|Any CPU
		{004B4411-A943-49F0-8DDF-C58E19750F99}.Debug|x86.Build.0 = Debug|Any CPU
		{004B4411-A943-49F0-8DDF-C58E19750F99}.Release|Any CPU.ActiveCfg = Release|Any CPU
		{004B4411-A943-49F0-8DDF-C58E19750F99}.Release|Any CPU.Build.0 = Release|Any CPU
		{004B4411-A943-49F0-8DDF-C58E19750F99}.Release|x64.ActiveCfg = Release|Any CPU
		{004B4411-A943-49F0-8DDF-C58E19750F99}.Release|x64.Build.0 = Release|Any CPU
		{004B4411-A943-49F0-8DDF-C58E19750F99}.Release|x86.ActiveCfg = Release|Any CPU
		{004B4411-A943-49F0-8DDF-C58E19750F99}.Release|x86.Build.0 = Release|Any CPU
		{40748BA4-03DD-45EF-9943-192A2523B72D}.Debug|Any CPU.ActiveCfg = Debug|Any CPU
		{40748BA4-03DD-45EF-9943-192A2523B72D}.Debug|Any CPU.Build.0 = Debug|Any CPU
		{40748BA4-03DD-45EF-9943-192A2523B72D}.Debug|x64.ActiveCfg = Debug|Any CPU
		{40748BA4-03DD-45EF-9943-192A2523B72D}.Debug|x64.Build.0 = Debug|Any CPU
		{40748BA4-03DD-45EF-9943-192A2523B72D}.Debug|x86.ActiveCfg = Debug|Any CPU
		{40748BA4-03DD-45EF-9943-192A2523B72D}.Debug|x86.Build.0 = Debug|Any CPU
		{40748BA4-03DD-45EF-9943-192A2523B72D}.Release|Any CPU.ActiveCfg = Release|Any CPU
		{40748BA4-03DD-45EF-9943-192A2523B72D}.Release|Any CPU.Build.0 = Release|Any CPU
		{40748BA4-03DD-45EF-9943-192A2523B72D}.Release|x64.ActiveCfg = Release|Any CPU
		{40748BA4-03DD-45EF-9943-192A2523B72D}.Release|x64.Build.0 = Release|Any CPU
		{40748BA4-03DD-45EF-9943-192A2523B72D}.Release|x86.ActiveCfg = Release|Any CPU
		{40748BA4-03DD-45EF-9943-192A2523B72D}.Release|x86.Build.0 = Release|Any CPU
		{569D7719-3F98-415C-AE34-F9816E2B5B86}.Debug|Any CPU.ActiveCfg = Debug|Any CPU
		{569D7719-3F98-415C-AE34-F9816E2B5B86}.Debug|Any CPU.Build.0 = Debug|Any CPU
		{569D7719-3F98-415C-AE34-F9816E2B5B86}.Debug|x64.ActiveCfg = Debug|Any CPU
		{569D7719-3F98-415C-AE34-F9816E2B5B86}.Debug|x64.Build.0 = Debug|Any CPU
		{569D7719-3F98-415C-AE34-F9816E2B5B86}.Debug|x86.ActiveCfg = Debug|Any CPU
		{569D7719-3F98-415C-AE34-F9816E2B5B86}.Debug|x86.Build.0 = Debug|Any CPU
		{569D7719-3F98-415C-AE34-F9816E2B5B86}.Release|Any CPU.ActiveCfg = Release|Any CPU
		{569D7719-3F98-415C-AE34-F9816E2B5B86}.Release|Any CPU.Build.0 = Release|Any CPU
		{569D7719-3F98-415C-AE34-F9816E2B5B86}.Release|x64.ActiveCfg = Release|Any CPU
		{569D7719-3F98-415C-AE34-F9816E2B5B86}.Release|x64.Build.0 = Release|Any CPU
		{569D7719-3F98-415C-AE34-F9816E2B5B86}.Release|x86.ActiveCfg = Release|Any CPU
		{569D7719-3F98-415C-AE34-F9816E2B5B86}.Release|x86.Build.0 = Release|Any CPU
		{2040B5FB-9216-444B-97C6-4E7B175A5E8C}.Debug|Any CPU.ActiveCfg = Debug|Any CPU
		{2040B5FB-9216-444B-97C6-4E7B175A5E8C}.Debug|Any CPU.Build.0 = Debug|Any CPU
		{2040B5FB-9216-444B-97C6-4E7B175A5E8C}.Debug|x64.ActiveCfg = Debug|Any CPU
		{2040B5FB-9216-444B-97C6-4E7B175A5E8C}.Debug|x64.Build.0 = Debug|Any CPU
		{2040B5FB-9216-444B-97C6-4E7B175A5E8C}.Debug|x86.ActiveCfg = Debug|Any CPU
		{2040B5FB-9216-444B-97C6-4E7B175A5E8C}.Debug|x86.Build.0 = Debug|Any CPU
		{2040B5FB-9216-444B-97C6-4E7B175A5E8C}.Release|Any CPU.ActiveCfg = Release|Any CPU
		{2040B5FB-9216-444B-97C6-4E7B175A5E8C}.Release|Any CPU.Build.0 = Release|Any CPU
		{2040B5FB-9216-444B-97C6-4E7B175A5E8C}.Release|x64.ActiveCfg = Release|Any CPU
		{2040B5FB-9216-444B-97C6-4E7B175A5E8C}.Release|x64.Build.0 = Release|Any CPU
		{2040B5FB-9216-444B-97C6-4E7B175A5E8C}.Release|x86.ActiveCfg = Release|Any CPU
		{2040B5FB-9216-444B-97C6-4E7B175A5E8C}.Release|x86.Build.0 = Release|Any CPU
		{BD9639A4-B8F0-4E48-9731-403A16D5B5F6}.Debug|Any CPU.ActiveCfg = Debug|Any CPU
		{BD9639A4-B8F0-4E48-9731-403A16D5B5F6}.Debug|Any CPU.Build.0 = Debug|Any CPU
		{BD9639A4-B8F0-4E48-9731-403A16D5B5F6}.Debug|x64.ActiveCfg = Debug|Any CPU
		{BD9639A4-B8F0-4E48-9731-403A16D5B5F6}.Debug|x64.Build.0 = Debug|Any CPU
		{BD9639A4-B8F0-4E48-9731-403A16D5B5F6}.Debug|x86.ActiveCfg = Debug|Any CPU
		{BD9639A4-B8F0-4E48-9731-403A16D5B5F6}.Debug|x86.Build.0 = Debug|Any CPU
		{BD9639A4-B8F0-4E48-9731-403A16D5B5F6}.Release|Any CPU.ActiveCfg = Release|Any CPU
		{BD9639A4-B8F0-4E48-9731-403A16D5B5F6}.Release|Any CPU.Build.0 = Release|Any CPU
		{BD9639A4-B8F0-4E48-9731-403A16D5B5F6}.Release|x64.ActiveCfg = Release|Any CPU
		{BD9639A4-B8F0-4E48-9731-403A16D5B5F6}.Release|x64.Build.0 = Release|Any CPU
		{BD9639A4-B8F0-4E48-9731-403A16D5B5F6}.Release|x86.ActiveCfg = Release|Any CPU
		{BD9639A4-B8F0-4E48-9731-403A16D5B5F6}.Release|x86.Build.0 = Release|Any CPU
		{A5F90D18-26A7-4996-B016-66E51902DA4A}.Debug|Any CPU.ActiveCfg = Debug|Any CPU
		{A5F90D18-26A7-4996-B016-66E51902DA4A}.Debug|Any CPU.Build.0 = Debug|Any CPU
		{A5F90D18-26A7-4996-B016-66E51902DA4A}.Debug|x64.ActiveCfg = Debug|Any CPU
		{A5F90D18-26A7-4996-B016-66E51902DA4A}.Debug|x64.Build.0 = Debug|Any CPU
		{A5F90D18-26A7-4996-B016-66E51902DA4A}.Debug|x86.ActiveCfg = Debug|Any CPU
		{A5F90D18-26A7-4996-B016-66E51902DA4A}.Debug|x86.Build.0 = Debug|Any CPU
		{A5F90D18-26A7-4996-B016-66E51902DA4A}.Release|Any CPU.ActiveCfg = Release|Any CPU
		{A5F90D18-26A7-4996-B016-66E51902DA4A}.Release|Any CPU.Build.0 = Release|Any CPU
		{A5F90D18-26A7-4996-B016-66E51902DA4A}.Release|x64.ActiveCfg = Release|Any CPU
		{A5F90D18-26A7-4996-B016-66E51902DA4A}.Release|x64.Build.0 = Release|Any CPU
		{A5F90D18-26A7-4996-B016-66E51902DA4A}.Release|x86.ActiveCfg = Release|Any CPU
		{A5F90D18-26A7-4996-B016-66E51902DA4A}.Release|x86.Build.0 = Release|Any CPU
		{C22E0D1A-FD5F-45E9-96ED-C6DEFCB23DB4}.Debug|Any CPU.ActiveCfg = Debug|Any CPU
		{C22E0D1A-FD5F-45E9-96ED-C6DEFCB23DB4}.Debug|Any CPU.Build.0 = Debug|Any CPU
		{C22E0D1A-FD5F-45E9-96ED-C6DEFCB23DB4}.Debug|x64.ActiveCfg = Debug|Any CPU
		{C22E0D1A-FD5F-45E9-96ED-C6DEFCB23DB4}.Debug|x64.Build.0 = Debug|Any CPU
		{C22E0D1A-FD5F-45E9-96ED-C6DEFCB23DB4}.Debug|x86.ActiveCfg = Debug|Any CPU
		{C22E0D1A-FD5F-45E9-96ED-C6DEFCB23DB4}.Debug|x86.Build.0 = Debug|Any CPU
		{C22E0D1A-FD5F-45E9-96ED-C6DEFCB23DB4}.Release|Any CPU.ActiveCfg = Release|Any CPU
		{C22E0D1A-FD5F-45E9-96ED-C6DEFCB23DB4}.Release|Any CPU.Build.0 = Release|Any CPU
		{C22E0D1A-FD5F-45E9-96ED-C6DEFCB23DB4}.Release|x64.ActiveCfg = Release|Any CPU
		{C22E0D1A-FD5F-45E9-96ED-C6DEFCB23DB4}.Release|x64.Build.0 = Release|Any CPU
		{C22E0D1A-FD5F-45E9-96ED-C6DEFCB23DB4}.Release|x86.ActiveCfg = Release|Any CPU
		{C22E0D1A-FD5F-45E9-96ED-C6DEFCB23DB4}.Release|x86.Build.0 = Release|Any CPU
		{F8403BC7-4BD9-4E10-9B0A-B0FB8F9EB120}.Debug|Any CPU.ActiveCfg = Debug|Any CPU
		{F8403BC7-4BD9-4E10-9B0A-B0FB8F9EB120}.Debug|Any CPU.Build.0 = Debug|Any CPU
		{F8403BC7-4BD9-4E10-9B0A-B0FB8F9EB120}.Debug|x64.ActiveCfg = Debug|Any CPU
		{F8403BC7-4BD9-4E10-9B0A-B0FB8F9EB120}.Debug|x64.Build.0 = Debug|Any CPU
		{F8403BC7-4BD9-4E10-9B0A-B0FB8F9EB120}.Debug|x86.ActiveCfg = Debug|Any CPU
		{F8403BC7-4BD9-4E10-9B0A-B0FB8F9EB120}.Debug|x86.Build.0 = Debug|Any CPU
		{F8403BC7-4BD9-4E10-9B0A-B0FB8F9EB120}.Release|Any CPU.ActiveCfg = Release|Any CPU
		{F8403BC7-4BD9-4E10-9B0A-B0FB8F9EB120}.Release|Any CPU.Build.0 = Release|Any CPU
		{F8403BC7-4BD9-4E10-9B0A-B0FB8F9EB120}.Release|x64.ActiveCfg = Release|Any CPU
		{F8403BC7-4BD9-4E10-9B0A-B0FB8F9EB120}.Release|x64.Build.0 = Release|Any CPU
		{F8403BC7-4BD9-4E10-9B0A-B0FB8F9EB120}.Release|x86.ActiveCfg = Release|Any CPU
		{F8403BC7-4BD9-4E10-9B0A-B0FB8F9EB120}.Release|x86.Build.0 = Release|Any CPU
		{0A5FA648-BE2D-482D-963D-783491F5347A}.Debug|Any CPU.ActiveCfg = Debug|Any CPU
		{0A5FA648-BE2D-482D-963D-783491F5347A}.Debug|Any CPU.Build.0 = Debug|Any CPU
		{0A5FA648-BE2D-482D-963D-783491F5347A}.Debug|x64.ActiveCfg = Debug|Any CPU
		{0A5FA648-BE2D-482D-963D-783491F5347A}.Debug|x64.Build.0 = Debug|Any CPU
		{0A5FA648-BE2D-482D-963D-783491F5347A}.Debug|x86.ActiveCfg = Debug|Any CPU
		{0A5FA648-BE2D-482D-963D-783491F5347A}.Debug|x86.Build.0 = Debug|Any CPU
		{0A5FA648-BE2D-482D-963D-783491F5347A}.Release|Any CPU.ActiveCfg = Release|Any CPU
		{0A5FA648-BE2D-482D-963D-783491F5347A}.Release|Any CPU.Build.0 = Release|Any CPU
		{0A5FA648-BE2D-482D-963D-783491F5347A}.Release|x64.ActiveCfg = Release|Any CPU
		{0A5FA648-BE2D-482D-963D-783491F5347A}.Release|x64.Build.0 = Release|Any CPU
		{0A5FA648-BE2D-482D-963D-783491F5347A}.Release|x86.ActiveCfg = Release|Any CPU
		{0A5FA648-BE2D-482D-963D-783491F5347A}.Release|x86.Build.0 = Release|Any CPU
		{3BE7B186-C620-42E7-8034-7BD48467CFCD}.Debug|Any CPU.ActiveCfg = Debug|Any CPU
		{3BE7B186-C620-42E7-8034-7BD48467CFCD}.Debug|Any CPU.Build.0 = Debug|Any CPU
		{3BE7B186-C620-42E7-8034-7BD48467CFCD}.Debug|x64.ActiveCfg = Debug|Any CPU
		{3BE7B186-C620-42E7-8034-7BD48467CFCD}.Debug|x64.Build.0 = Debug|Any CPU
		{3BE7B186-C620-42E7-8034-7BD48467CFCD}.Debug|x86.ActiveCfg = Debug|Any CPU
		{3BE7B186-C620-42E7-8034-7BD48467CFCD}.Debug|x86.Build.0 = Debug|Any CPU
		{3BE7B186-C620-42E7-8034-7BD48467CFCD}.Release|Any CPU.ActiveCfg = Release|Any CPU
		{3BE7B186-C620-42E7-8034-7BD48467CFCD}.Release|Any CPU.Build.0 = Release|Any CPU
		{3BE7B186-C620-42E7-8034-7BD48467CFCD}.Release|x64.ActiveCfg = Release|Any CPU
		{3BE7B186-C620-42E7-8034-7BD48467CFCD}.Release|x64.Build.0 = Release|Any CPU
		{3BE7B186-C620-42E7-8034-7BD48467CFCD}.Release|x86.ActiveCfg = Release|Any CPU
		{3BE7B186-C620-42E7-8034-7BD48467CFCD}.Release|x86.Build.0 = Release|Any CPU
	EndGlobalSection
	GlobalSection(SolutionProperties) = preSolution
		HideSolutionNode = FALSE
	EndGlobalSection
	GlobalSection(NestedProjects) = preSolution
		{004B4411-A943-49F0-8DDF-C58E19750F99} = {2A3120AB-8C6C-4CD5-BB86-2C0DA4FAFEB1}
		{40748BA4-03DD-45EF-9943-192A2523B72D} = {2A3120AB-8C6C-4CD5-BB86-2C0DA4FAFEB1}
		{569D7719-3F98-415C-AE34-F9816E2B5B86} = {2A3120AB-8C6C-4CD5-BB86-2C0DA4FAFEB1}
		{2040B5FB-9216-444B-97C6-4E7B175A5E8C} = {2A3120AB-8C6C-4CD5-BB86-2C0DA4FAFEB1}
		{BD9639A4-B8F0-4E48-9731-403A16D5B5F6} = {2A3120AB-8C6C-4CD5-BB86-2C0DA4FAFEB1}
		{A5F90D18-26A7-4996-B016-66E51902DA4A} = {2A3120AB-8C6C-4CD5-BB86-2C0DA4FAFEB1}
		{C22E0D1A-FD5F-45E9-96ED-C6DEFCB23DB4} = {2A3120AB-8C6C-4CD5-BB86-2C0DA4FAFEB1}
		{F8403BC7-4BD9-4E10-9B0A-B0FB8F9EB120} = {2A3120AB-8C6C-4CD5-BB86-2C0DA4FAFEB1}
		{0A5FA648-BE2D-482D-963D-783491F5347A} = {0AB3BF05-4346-4AA6-1389-037BE0695223}
		{3BE7B186-C620-42E7-8034-7BD48467CFCD} = {0AB3BF05-4346-4AA6-1389-037BE0695223}
	EndGlobalSection
EndGlobal
